
Microsoft Visual Studio Solution File, Format Version 12.00
# Visual Studio Version 16
VisualStudioVersion = 16.0.31729.503
MinimumVisualStudioVersion = 10.0.40219.1
Project("{8BC9CEB8-8B4A-11D0-8D11-00A0C91BC942}") = "MiddleEngine", "MiddleEngine\MiddleEngine.vcxproj", "{01581430-1D5D-4D78-BD5A-BF7134B2DAA0}"
EndProject
Global
	GlobalSection(SolutionConfigurationPlatforms) = preSolution
		Debug|x64 = Debug|x64
		Release|x64 = Release|x64
	EndGlobalSection
	GlobalSection(ProjectConfigurationPlatforms) = postSolution
		{01581430-1D5D-4D78-BD5A-BF7134B2DAA0}.Debug|x64.ActiveCfg = Debug|x64
		{01581430-1D5D-4D78-BD5A-BF7134B2DAA0}.Debug|x64.Build.0 = Debug|x64
		{01581430-1D5D-4D78-BD5A-BF7134B2DAA0}.Release|x64.ActiveCfg = Release|x64
		{01581430-1D5D-4D78-BD5A-BF7134B2DAA0}.Release|x64.Build.0 = Release|x64
	EndGlobalSection
	GlobalSection(SolutionProperties) = preSolution
		HideSolutionNode = FALSE
	EndGlobalSection
	GlobalSection(ExtensibilityGlobals) = postSolution
		SolutionGuid = {24E95DE6-B179-4F2A-A174-DB0FC83ECE64}
	EndGlobalSection
EndGlobal
